
Microsoft Visual Studio Solution File, Format Version 12.00
# Visual Studio 15
VisualStudioVersion = 15.0.26730.15
MinimumVisualStudioVersion = 10.0.40219.1
Project("{FAE04EC0-301F-11D3-BF4B-00C04F79EFBC}") = "WcfServiceLibrary1", "WcfServiceLibrary1\WcfServiceLibrary1.csproj", "{4DE13A6D-2698-4FDE-A781-0970FD71C9E5}"
EndProject
Project("{2150E333-8FDC-42A3-9474-1A3956D46DE8}") = "Solution Items", "Solution Items", "{6C6FF58D-E700-43EE-83D9-D77911ECBBF2}"
	ProjectSection(SolutionItems) = preProject
		TextFile1.json = TextFile1.json
	EndProjectSection
EndProject
Project("{FAE04EC0-301F-11D3-BF4B-00C04F79EFBC}") = "ClientSideLayer", "ClientSideLayer\ClientSideLayer.csproj", "{A5E22693-78C5-4762-B051-C49CCD796048}"
	ProjectSection(ProjectDependencies) = postProject
		{4DE13A6D-2698-4FDE-A781-0970FD71C9E5} = {4DE13A6D-2698-4FDE-A781-0970FD71C9E5}
	EndProjectSection
EndProject
Global
	GlobalSection(SolutionConfigurationPlatforms) = preSolution
		Debug|Any CPU = Debug|Any CPU
		Release|Any CPU = Release|Any CPU
	EndGlobalSection
	GlobalSection(ProjectConfigurationPlatforms) = postSolution
		{4DE13A6D-2698-4FDE-A781-0970FD71C9E5}.Debug|Any CPU.ActiveCfg = Debug|Any CPU
		{4DE13A6D-2698-4FDE-A781-0970FD71C9E5}.Debug|Any CPU.Build.0 = Debug|Any CPU
		{4DE13A6D-2698-4FDE-A781-0970FD71C9E5}.Release|Any CPU.ActiveCfg = Release|Any CPU
		{4DE13A6D-2698-4FDE-A781-0970FD71C9E5}.Release|Any CPU.Build.0 = Release|Any CPU
		{A5E22693-78C5-4762-B051-C49CCD796048}.Debug|Any CPU.ActiveCfg = Debug|Any CPU
		{A5E22693-78C5-4762-B051-C49CCD796048}.Debug|Any CPU.Build.0 = Debug|Any CPU
		{A5E22693-78C5-4762-B051-C49CCD796048}.Release|Any CPU.ActiveCfg = Release|Any CPU
		{A5E22693-78C5-4762-B051-C49CCD796048}.Release|Any CPU.Build.0 = Release|Any CPU
	EndGlobalSection
	GlobalSection(SolutionProperties) = preSolution
		HideSolutionNode = FALSE
	EndGlobalSection
	GlobalSection(ExtensibilityGlobals) = postSolution
		SolutionGuid = {35321979-DA4E-4F88-8764-10135DF37BFA}
	EndGlobalSection
EndGlobal
